
Microsoft Visual Studio Solution File, Format Version 12.00
Project("{FAE04EC0-301F-11D3-BF4B-00C04F79EFBC}") = "ResChange", "ResChange\ResChange.csproj", "{15CBB1DD-ADE9-4CE5-AED1-1D613B0077EC}"
EndProject
Global
	GlobalSection(SolutionConfigurationPlatforms) = preSolution
		Debug|Any CPU = Debug|Any CPU
		Release|Any CPU = Release|Any CPU
	EndGlobalSection
	GlobalSection(ProjectConfigurationPlatforms) = postSolution
		{15CBB1DD-ADE9-4CE5-AED1-1D613B0077EC}.Debug|Any CPU.ActiveCfg = Debug|Any CPU
		{15CBB1DD-ADE9-4CE5-AED1-1D613B0077EC}.Debug|Any CPU.Build.0 = Debug|Any CPU
		{15CBB1DD-ADE9-4CE5-AED1-1D613B0077EC}.Release|Any CPU.ActiveCfg = Release|Any CPU
		{15CBB1DD-ADE9-4CE5-AED1-1D613B0077EC}.Release|Any CPU.Build.0 = Release|Any CPU
	EndGlobalSection
EndGlobal
